// !$*UTF8*$!
{
	archiveVersion = 1;
	classes = {
	};
	objectVersion = 56;
	objects = {

/* Begin PBXBuildFile section */
		031183A52C12E3E700D77A5E /* SyncUpsListTests.swift in Sources */ = {isa = PBXBuildFile; fileRef = 031183A42C12E3E700D77A5E /* SyncUpsListTests.swift */; };
		031183A72C12E64C00D77A5E /* SyncUpForm.swift in Sources */ = {isa = PBXBuildFile; fileRef = 031183A62C12E64C00D77A5E /* SyncUpForm.swift */; };
		031183A92C12F90A00D77A5E /* SyncUpsFormTests.swift in Sources */ = {isa = PBXBuildFile; fileRef = 031183A82C12F90A00D77A5E /* SyncUpsFormTests.swift */; };
		031BC39A2C2C02E90016DF8F /* SyncUpDetail.swift in Sources */ = {isa = PBXBuildFile; fileRef = 031BC3992C2C02E90016DF8F /* SyncUpDetail.swift */; };
		031BC39C2C2C22450016DF8F /* SyncUpDetailTests.swift in Sources */ = {isa = PBXBuildFile; fileRef = 031BC39B2C2C22450016DF8F /* SyncUpDetailTests.swift */; };
		031BC39E2C2D0EBB0016DF8F /* App.swift in Sources */ = {isa = PBXBuildFile; fileRef = 031BC39D2C2D0EBB0016DF8F /* App.swift */; };
		031BC3A02C2D161A0016DF8F /* Meeting.swift in Sources */ = {isa = PBXBuildFile; fileRef = 031BC39F2C2D161A0016DF8F /* Meeting.swift */; };
		031BC3A22C2D19B00016DF8F /* AppFeatureTests.swift in Sources */ = {isa = PBXBuildFile; fileRef = 031BC3A12C2D19B00016DF8F /* AppFeatureTests.swift */; };
		0360F7AD2C1194FB0034A43C /* SyncUpsApp.swift in Sources */ = {isa = PBXBuildFile; fileRef = 0360F7AC2C1194FB0034A43C /* SyncUpsApp.swift */; };
		0360F7B12C1194FD0034A43C /* Assets.xcassets in Resources */ = {isa = PBXBuildFile; fileRef = 0360F7B02C1194FD0034A43C /* Assets.xcassets */; };
		0360F7B42C1194FD0034A43C /* Preview Assets.xcassets in Resources */ = {isa = PBXBuildFile; fileRef = 0360F7B32C1194FD0034A43C /* Preview Assets.xcassets */; };
		0360F7BE2C1194FD0034A43C /* SyncUpsTests.swift in Sources */ = {isa = PBXBuildFile; fileRef = 0360F7BD2C1194FD0034A43C /* SyncUpsTests.swift */; };
		0360F7C82C1194FD0034A43C /* SyncUpsUITests.swift in Sources */ = {isa = PBXBuildFile; fileRef = 0360F7C72C1194FD0034A43C /* SyncUpsUITests.swift */; };
		0360F7CA2C1194FD0034A43C /* SyncUpsUITestsLaunchTests.swift in Sources */ = {isa = PBXBuildFile; fileRef = 0360F7C92C1194FD0034A43C /* SyncUpsUITestsLaunchTests.swift */; };
		0360F7D82C1195EA0034A43C /* ComposableArchitecture in Frameworks */ = {isa = PBXBuildFile; productRef = 0360F7D72C1195EA0034A43C /* ComposableArchitecture */; };
		0360F7DA2C119B2A0034A43C /* Models.swift in Sources */ = {isa = PBXBuildFile; fileRef = 0360F7D92C119B2A0034A43C /* Models.swift */; };
		0360F7DC2C119DE10034A43C /* SyncUpsList.swift in Sources */ = {isa = PBXBuildFile; fileRef = 0360F7DB2C119DE10034A43C /* SyncUpsList.swift */; };
/* End PBXBuildFile section */

/* Begin PBXContainerItemProxy section */
		0360F7BA2C1194FD0034A43C /* PBXContainerItemProxy */ = {
			isa = PBXContainerItemProxy;
			containerPortal = 0360F7A12C1194FB0034A43C /* Project object */;
			proxyType = 1;
			remoteGlobalIDString = 0360F7A82C1194FB0034A43C;
			remoteInfo = SyncUps;
		};
		0360F7C42C1194FD0034A43C /* PBXContainerItemProxy */ = {
			isa = PBXContainerItemProxy;
			containerPortal = 0360F7A12C1194FB0034A43C /* Project object */;
			proxyType = 1;
			remoteGlobalIDString = 0360F7A82C1194FB0034A43C;
			remoteInfo = SyncUps;
		};
/* End PBXContainerItemProxy section */

/* Begin PBXFileReference section */
		031183A42C12E3E700D77A5E /* SyncUpsListTests.swift */ = {isa = PBXFileReference; lastKnownFileType = sourcecode.swift; path = SyncUpsListTests.swift; sourceTree = "<group>"; };
		031183A62C12E64C00D77A5E /* SyncUpForm.swift */ = {isa = PBXFileReference; lastKnownFileType = sourcecode.swift; path = SyncUpForm.swift; sourceTree = "<group>"; };
		031183A82C12F90A00D77A5E /* SyncUpsFormTests.swift */ = {isa = PBXFileReference; lastKnownFileType = sourcecode.swift; path = SyncUpsFormTests.swift; sourceTree = "<group>"; };
		031BC3992C2C02E90016DF8F /* SyncUpDetail.swift */ = {isa = PBXFileReference; lastKnownFileType = sourcecode.swift; path = SyncUpDetail.swift; sourceTree = "<group>"; };
		031BC39B2C2C22450016DF8F /* SyncUpDetailTests.swift */ = {isa = PBXFileReference; lastKnownFileType = sourcecode.swift; path = SyncUpDetailTests.swift; sourceTree = "<group>"; };
		031BC39D2C2D0EBB0016DF8F /* App.swift */ = {isa = PBXFileReference; lastKnownFileType = sourcecode.swift; path = App.swift; sourceTree = "<group>"; };
		031BC39F2C2D161A0016DF8F /* Meeting.swift */ = {isa = PBXFileReference; lastKnownFileType = sourcecode.swift; path = Meeting.swift; sourceTree = "<group>"; };
		031BC3A12C2D19B00016DF8F /* AppFeatureTests.swift */ = {isa = PBXFileReference; lastKnownFileType = sourcecode.swift; path = AppFeatureTests.swift; sourceTree = "<group>"; };
		0360F7A92C1194FB0034A43C /* SyncUps.app */ = {isa = PBXFileReference; explicitFileType = wrapper.application; includeInIndex = 0; path = SyncUps.app; sourceTree = BUILT_PRODUCTS_DIR; };
		0360F7AC2C1194FB0034A43C /* SyncUpsApp.swift */ = {isa = PBXFileReference; lastKnownFileType = sourcecode.swift; path = SyncUpsApp.swift; sourceTree = "<group>"; };
		0360F7B02C1194FD0034A43C /* Assets.xcassets */ = {isa = PBXFileReference; lastKnownFileType = folder.assetcatalog; path = Assets.xcassets; sourceTree = "<group>"; };
		0360F7B32C1194FD0034A43C /* Preview Assets.xcassets */ = {isa = PBXFileReference; lastKnownFileType = folder.assetcatalog; path = "Preview Assets.xcassets"; sourceTree = "<group>"; };
		0360F7B92C1194FD0034A43C /* SyncUpsTests.xctest */ = {isa = PBXFileReference; explicitFileType = wrapper.cfbundle; includeInIndex = 0; path = SyncUpsTests.xctest; sourceTree = BUILT_PRODUCTS_DIR; };
		0360F7BD2C1194FD0034A43C /* SyncUpsTests.swift */ = {isa = PBXFileReference; lastKnownFileType = sourcecode.swift; path = SyncUpsTests.swift; sourceTree = "<group>"; };
		0360F7C32C1194FD0034A43C /* SyncUpsUITests.xctest */ = {isa = PBXFileReference; explicitFileType = wrapper.cfbundle; includeInIndex = 0; path = SyncUpsUITests.xctest; sourceTree = BUILT_PRODUCTS_DIR; };
		0360F7C72C1194FD0034A43C /* SyncUpsUITests.swift */ = {isa = PBXFileReference; lastKnownFileType = sourcecode.swift; path = SyncUpsUITests.swift; sourceTree = "<group>"; };
		0360F7C92C1194FD0034A43C /* SyncUpsUITestsLaunchTests.swift */ = {isa = PBXFileReference; lastKnownFileType = sourcecode.swift; path = SyncUpsUITestsLaunchTests.swift; sourceTree = "<group>"; };
		0360F7D92C119B2A0034A43C /* Models.swift */ = {isa = PBXFileReference; lastKnownFileType = sourcecode.swift; path = Models.swift; sourceTree = "<group>"; };
		0360F7DB2C119DE10034A43C /* SyncUpsList.swift */ = {isa = PBXFileReference; lastKnownFileType = sourcecode.swift; path = SyncUpsList.swift; sourceTree = "<group>"; };
/* End PBXFileReference section */

/* Begin PBXFrameworksBuildPhase section */
		0360F7A62C1194FB0034A43C /* Frameworks */ = {
			isa = PBXFrameworksBuildPhase;
			buildActionMask = 2147483647;
			files = (
				0360F7D82C1195EA0034A43C /* ComposableArchitecture in Frameworks */,
			);
			runOnlyForDeploymentPostprocessing = 0;
		};
		0360F7B62C1194FD0034A43C /* Frameworks */ = {
			isa = PBXFrameworksBuildPhase;
			buildActionMask = 2147483647;
			files = (
			);
			runOnlyForDeploymentPostprocessing = 0;
		};
		0360F7C02C1194FD0034A43C /* Frameworks */ = {
			isa = PBXFrameworksBuildPhase;
			buildActionMask = 2147483647;
			files = (
			);
			runOnlyForDeploymentPostprocessing = 0;
		};
/* End PBXFrameworksBuildPhase section */

/* Begin PBXGroup section */
		0360F7A02C1194FB0034A43C = {
			isa = PBXGroup;
			children = (
				0360F7AB2C1194FB0034A43C /* SyncUps */,
				0360F7BC2C1194FD0034A43C /* SyncUpsTests */,
				0360F7C62C1194FD0034A43C /* SyncUpsUITests */,
				0360F7AA2C1194FB0034A43C /* Products */,
			);
			sourceTree = "<group>";
		};
		0360F7AA2C1194FB0034A43C /* Products */ = {
			isa = PBXGroup;
			children = (
				0360F7A92C1194FB0034A43C /* SyncUps.app */,
				0360F7B92C1194FD0034A43C /* SyncUpsTests.xctest */,
				0360F7C32C1194FD0034A43C /* SyncUpsUITests.xctest */,
			);
			name = Products;
			sourceTree = "<group>";
		};
		0360F7AB2C1194FB0034A43C /* SyncUps */ = {
			isa = PBXGroup;
			children = (
				031BC39D2C2D0EBB0016DF8F /* App.swift */,
				0360F7AC2C1194FB0034A43C /* SyncUpsApp.swift */,
				0360F7DB2C119DE10034A43C /* SyncUpsList.swift */,
				031183A62C12E64C00D77A5E /* SyncUpForm.swift */,
				031BC3992C2C02E90016DF8F /* SyncUpDetail.swift */,
				031BC39F2C2D161A0016DF8F /* Meeting.swift */,
				0360F7D92C119B2A0034A43C /* Models.swift */,
				0360F7B02C1194FD0034A43C /* Assets.xcassets */,
				0360F7B22C1194FD0034A43C /* Preview Content */,
			);
			path = SyncUps;
			sourceTree = "<group>";
		};
		0360F7B22C1194FD0034A43C /* Preview Content */ = {
			isa = PBXGroup;
			children = (
				0360F7B32C1194FD0034A43C /* Preview Assets.xcassets */,
			);
			path = "Preview Content";
			sourceTree = "<group>";
		};
		0360F7BC2C1194FD0034A43C /* SyncUpsTests */ = {
			isa = PBXGroup;
			children = (
				0360F7BD2C1194FD0034A43C /* SyncUpsTests.swift */,
				031183A42C12E3E700D77A5E /* SyncUpsListTests.swift */,
				031183A82C12F90A00D77A5E /* SyncUpsFormTests.swift */,
				031BC39B2C2C22450016DF8F /* SyncUpDetailTests.swift */,
				031BC3A12C2D19B00016DF8F /* AppFeatureTests.swift */,
			);
			path = SyncUpsTests;
			sourceTree = "<group>";
		};
		0360F7C62C1194FD0034A43C /* SyncUpsUITests */ = {
			isa = PBXGroup;
			children = (
				0360F7C72C1194FD0034A43C /* SyncUpsUITests.swift */,
				0360F7C92C1194FD0034A43C /* SyncUpsUITestsLaunchTests.swift */,
			);
			path = SyncUpsUITests;
			sourceTree = "<group>";
		};
/* End PBXGroup section */

/* Begin PBXNativeTarget section */
		0360F7A82C1194FB0034A43C /* SyncUps */ = {
			isa = PBXNativeTarget;
			buildConfigurationList = 0360F7CD2C1194FD0034A43C /* Build configuration list for PBXNativeTarget "SyncUps" */;
			buildPhases = (
				0360F7A52C1194FB0034A43C /* Sources */,
				0360F7A62C1194FB0034A43C /* Frameworks */,
				0360F7A72C1194FB0034A43C /* Resources */,
			);
			buildRules = (
			);
			dependencies = (
			);
			name = SyncUps;
			packageProductDependencies = (
				0360F7D72C1195EA0034A43C /* ComposableArchitecture */,
			);
			productName = SyncUps;
			productReference = 0360F7A92C1194FB0034A43C /* SyncUps.app */;
			productType = "com.apple.product-type.application";
		};
		0360F7B82C1194FD0034A43C /* SyncUpsTests */ = {
			isa = PBXNativeTarget;
			buildConfigurationList = 0360F7D02C1194FD0034A43C /* Build configuration list for PBXNativeTarget "SyncUpsTests" */;
			buildPhases = (
				0360F7B52C1194FD0034A43C /* Sources */,
				0360F7B62C1194FD0034A43C /* Frameworks */,
				0360F7B72C1194FD0034A43C /* Resources */,
			);
			buildRules = (
			);
			dependencies = (
				0360F7BB2C1194FD0034A43C /* PBXTargetDependency */,
			);
			name = SyncUpsTests;
			productName = SyncUpsTests;
			productReference = 0360F7B92C1194FD0034A43C /* SyncUpsTests.xctest */;
			productType = "com.apple.product-type.bundle.unit-test";
		};
		0360F7C22C1194FD0034A43C /* SyncUpsUITests */ = {
			isa = PBXNativeTarget;
			buildConfigurationList = 0360F7D32C1194FD0034A43C /* Build configuration list for PBXNativeTarget "SyncUpsUITests" */;
			buildPhases = (
				0360F7BF2C1194FD0034A43C /* Sources */,
				0360F7C02C1194FD0034A43C /* Frameworks */,
				0360F7C12C1194FD0034A43C /* Resources */,
			);
			buildRules = (
			);
			dependencies = (
				0360F7C52C1194FD0034A43C /* PBXTargetDependency */,
			);
			name = SyncUpsUITests;
			productName = SyncUpsUITests;
			productReference = 0360F7C32C1194FD0034A43C /* SyncUpsUITests.xctest */;
			productType = "com.apple.product-type.bundle.ui-testing";
		};
/* End PBXNativeTarget section */

/* Begin PBXProject section */
		0360F7A12C1194FB0034A43C /* Project object */ = {
			isa = PBXProject;
			attributes = {
				BuildIndependentTargetsInParallel = 1;
				LastSwiftUpdateCheck = 1540;
				LastUpgradeCheck = 1540;
				TargetAttributes = {
					0360F7A82C1194FB0034A43C = {
						CreatedOnToolsVersion = 15.4;
					};
					0360F7B82C1194FD0034A43C = {
						CreatedOnToolsVersion = 15.4;
						TestTargetID = 0360F7A82C1194FB0034A43C;
					};
					0360F7C22C1194FD0034A43C = {
						CreatedOnToolsVersion = 15.4;
						TestTargetID = 0360F7A82C1194FB0034A43C;
					};
				};
			};
			buildConfigurationList = 0360F7A42C1194FB0034A43C /* Build configuration list for PBXProject "SyncUps" */;
			compatibilityVersion = "Xcode 14.0";
			developmentRegion = en;
			hasScannedForEncodings = 0;
			knownRegions = (
				en,
				Base,
			);
			mainGroup = 0360F7A02C1194FB0034A43C;
			packageReferences = (
				0360F7D62C1195EA0034A43C /* XCRemoteSwiftPackageReference "swift-composable-architecture" */,
			);
			productRefGroup = 0360F7AA2C1194FB0034A43C /* Products */;
			projectDirPath = "";
			projectRoot = "";
			targets = (
				0360F7A82C1194FB0034A43C /* SyncUps */,
				0360F7B82C1194FD0034A43C /* SyncUpsTests */,
				0360F7C22C1194FD0034A43C /* SyncUpsUITests */,
			);
		};
/* End PBXProject section */

/* Begin PBXResourcesBuildPhase section */
		0360F7A72C1194FB0034A43C /* Resources */ = {
			isa = PBXResourcesBuildPhase;
			buildActionMask = 2147483647;
			files = (
				0360F7B42C1194FD0034A43C /* Preview Assets.xcassets in Resources */,
				0360F7B12C1194FD0034A43C /* Assets.xcassets in Resources */,
			);
			runOnlyForDeploymentPostprocessing = 0;
		};
		0360F7B72C1194FD0034A43C /* Resources */ = {
			isa = PBXResourcesBuildPhase;
			buildActionMask = 2147483647;
			files = (
			);
			runOnlyForDeploymentPostprocessing = 0;
		};
		0360F7C12C1194FD0034A43C /* Resources */ = {
			isa = PBXResourcesBuildPhase;
			buildActionMask = 2147483647;
			files = (
			);
			runOnlyForDeploymentPostprocessing = 0;
		};
/* End PBXResourcesBuildPhase section */

/* Begin PBXSourcesBuildPhase section */
		0360F7A52C1194FB0034A43C /* Sources */ = {
			isa = PBXSourcesBuildPhase;
			buildActionMask = 2147483647;
			files = (
				031BC3A02C2D161A0016DF8F /* Meeting.swift in Sources */,
				0360F7DA2C119B2A0034A43C /* Models.swift in Sources */,
				031183A72C12E64C00D77A5E /* SyncUpForm.swift in Sources */,
				0360F7DC2C119DE10034A43C /* SyncUpsList.swift in Sources */,
				031BC39E2C2D0EBB0016DF8F /* App.swift in Sources */,
				031BC39A2C2C02E90016DF8F /* SyncUpDetail.swift in Sources */,
				0360F7AD2C1194FB0034A43C /* SyncUpsApp.swift in Sources */,
			);
			runOnlyForDeploymentPostprocessing = 0;
		};
		0360F7B52C1194FD0034A43C /* Sources */ = {
			isa = PBXSourcesBuildPhase;
			buildActionMask = 2147483647;
			files = (
				0360F7BE2C1194FD0034A43C /* SyncUpsTests.swift in Sources */,
				031BC3A22C2D19B00016DF8F /* AppFeatureTests.swift in Sources */,
				031183A92C12F90A00D77A5E /* SyncUpsFormTests.swift in Sources */,
				031BC39C2C2C22450016DF8F /* SyncUpDetailTests.swift in Sources */,
				031183A52C12E3E700D77A5E /* SyncUpsListTests.swift in Sources */,
			);
			runOnlyForDeploymentPostprocessing = 0;
		};
		0360F7BF2C1194FD0034A43C /* Sources */ = {
			isa = PBXSourcesBuildPhase;
			buildActionMask = 2147483647;
			files = (
				0360F7CA2C1194FD0034A43C /* SyncUpsUITestsLaunchTests.swift in Sources */,
				0360F7C82C1194FD0034A43C /* SyncUpsUITests.swift in Sources */,
			);
			runOnlyForDeploymentPostprocessing = 0;
		};
/* End PBXSourcesBuildPhase section */

/* Begin PBXTargetDependency section */
		0360F7BB2C1194FD0034A43C /* PBXTargetDependency */ = {
			isa = PBXTargetDependency;
			target = 0360F7A82C1194FB0034A43C /* SyncUps */;
			targetProxy = 0360F7BA2C1194FD0034A43C /* PBXContainerItemProxy */;
		};
		0360F7C52C1194FD0034A43C /* PBXTargetDependency */ = {
			isa = PBXTargetDependency;
			target = 0360F7A82C1194FB0034A43C /* SyncUps */;
			targetProxy = 0360F7C42C1194FD0034A43C /* PBXContainerItemProxy */;
		};
/* End PBXTargetDependency section */

/* Begin XCBuildConfiguration section */
		0360F7CB2C1194FD0034A43C /* Debug */ = {
			isa = XCBuildConfiguration;
			buildSettings = {
				ALWAYS_SEARCH_USER_PATHS = NO;
				ASSETCATALOG_COMPILER_GENERATE_SWIFT_ASSET_SYMBOL_EXTENSIONS = YES;
				CLANG_ANALYZER_NONNULL = YES;
				CLANG_ANALYZER_NUMBER_OBJECT_CONVERSION = YES_AGGRESSIVE;
				CLANG_CXX_LANGUAGE_STANDARD = "gnu++20";
				CLANG_ENABLE_MODULES = YES;
				CLANG_ENABLE_OBJC_ARC = YES;
				CLANG_ENABLE_OBJC_WEAK = YES;
				CLANG_WARN_BLOCK_CAPTURE_AUTORELEASING = YES;
				CLANG_WARN_BOOL_CONVERSION = YES;
				CLANG_WARN_COMMA = YES;
				CLANG_WARN_CONSTANT_CONVERSION = YES;
				CLANG_WARN_DEPRECATED_OBJC_IMPLEMENTATIONS = YES;
				CLANG_WARN_DIRECT_OBJC_ISA_USAGE = YES_ERROR;
				CLANG_WARN_DOCUMENTATION_COMMENTS = YES;
				CLANG_WARN_EMPTY_BODY = YES;
				CLANG_WARN_ENUM_CONVERSION = YES;
				CLANG_WARN_INFINITE_RECURSION = YES;
				CLANG_WARN_INT_CONVERSION = YES;
				CLANG_WARN_NON_LITERAL_NULL_CONVERSION = YES;
				CLANG_WARN_OBJC_IMPLICIT_RETAIN_SELF = YES;
				CLANG_WARN_OBJC_LITERAL_CONVERSION = YES;
				CLANG_WARN_OBJC_ROOT_CLASS = YES_ERROR;
				CLANG_WARN_QUOTED_INCLUDE_IN_FRAMEWORK_HEADER = YES;
				CLANG_WARN_RANGE_LOOP_ANALYSIS = YES;
				CLANG_WARN_STRICT_PROTOTYPES = YES;
				CLANG_WARN_SUSPICIOUS_MOVE = YES;
				CLANG_WARN_UNGUARDED_AVAILABILITY = YES_AGGRESSIVE;
				CLANG_WARN_UNREACHABLE_CODE = YES;
				CLANG_WARN__DUPLICATE_METHOD_MATCH = YES;
				COPY_PHASE_STRIP = NO;
				DEBUG_INFORMATION_FORMAT = dwarf;
				ENABLE_STRICT_OBJC_MSGSEND = YES;
				ENABLE_TESTABILITY = YES;
				ENABLE_USER_SCRIPT_SANDBOXING = YES;
				GCC_C_LANGUAGE_STANDARD = gnu17;
				GCC_DYNAMIC_NO_PIC = NO;
				GCC_NO_COMMON_BLOCKS = YES;
				GCC_OPTIMIZATION_LEVEL = 0;
				GCC_PREPROCESSOR_DEFINITIONS = (
					"DEBUG=1",
					"$(inherited)",
				);
				GCC_WARN_64_TO_32_BIT_CONVERSION = YES;
				GCC_WARN_ABOUT_RETURN_TYPE = YES_ERROR;
				GCC_WARN_UNDECLARED_SELECTOR = YES;
				GCC_WARN_UNINITIALIZED_AUTOS = YES_AGGRESSIVE;
				GCC_WARN_UNUSED_FUNCTION = YES;
				GCC_WARN_UNUSED_VARIABLE = YES;
				IPHONEOS_DEPLOYMENT_TARGET = 17.5;
				LOCALIZATION_PREFERS_STRING_CATALOGS = YES;
				MTL_ENABLE_DEBUG_INFO = INCLUDE_SOURCE;
				MTL_FAST_MATH = YES;
				ONLY_ACTIVE_ARCH = YES;
				SDKROOT = iphoneos;
				SWIFT_ACTIVE_COMPILATION_CONDITIONS = "DEBUG $(inherited)";
				SWIFT_OPTIMIZATION_LEVEL = "-Onone";
				SWIFT_STRICT_CONCURRENCY = complete;
			};
			name = Debug;
		};
		0360F7CC2C1194FD0034A43C /* Release */ = {
			isa = XCBuildConfiguration;
			buildSettings = {
				ALWAYS_SEARCH_USER_PATHS = NO;
				ASSETCATALOG_COMPILER_GENERATE_SWIFT_ASSET_SYMBOL_EXTENSIONS = YES;
				CLANG_ANALYZER_NONNULL = YES;
				CLANG_ANALYZER_NUMBER_OBJECT_CONVERSION = YES_AGGRESSIVE;
				CLANG_CXX_LANGUAGE_STANDARD = "gnu++20";
				CLANG_ENABLE_MODULES = YES;
				CLANG_ENABLE_OBJC_ARC = YES;
				CLANG_ENABLE_OBJC_WEAK = YES;
				CLANG_WARN_BLOCK_CAPTURE_AUTORELEASING = YES;
				CLANG_WARN_BOOL_CONVERSION = YES;
				CLANG_WARN_COMMA = YES;
				CLANG_WARN_CONSTANT_CONVERSION = YES;
				CLANG_WARN_DEPRECATED_OBJC_IMPLEMENTATIONS = YES;
				CLANG_WARN_DIRECT_OBJC_ISA_USAGE = YES_ERROR;
				CLANG_WARN_DOCUMENTATION_COMMENTS = YES;
				CLANG_WARN_EMPTY_BODY = YES;
				CLANG_WARN_ENUM_CONVERSION = YES;
				CLANG_WARN_INFINITE_RECURSION = YES;
				CLANG_WARN_INT_CONVERSION = YES;
				CLANG_WARN_NON_LITERAL_NULL_CONVERSION = YES;
				CLANG_WARN_OBJC_IMPLICIT_RETAIN_SELF = YES;
				CLANG_WARN_OBJC_LITERAL_CONVERSION = YES;
				CLANG_WARN_OBJC_ROOT_CLASS = YES_ERROR;
				CLANG_WARN_QUOTED_INCLUDE_IN_FRAMEWORK_HEADER = YES;
				CLANG_WARN_RANGE_LOOP_ANALYSIS = YES;
				CLANG_WARN_STRICT_PROTOTYPES = YES;
				CLANG_WARN_SUSPICIOUS_MOVE = YES;
				CLANG_WARN_UNGUARDED_AVAILABILITY = YES_AGGRESSIVE;
				CLANG_WARN_UNREACHABLE_CODE = YES;
				CLANG_WARN__DUPLICATE_METHOD_MATCH = YES;
				COPY_PHASE_STRIP = NO;
				DEBUG_INFORMATION_FORMAT = "dwarf-with-dsym";
				ENABLE_NS_ASSERTIONS = NO;
				ENABLE_STRICT_OBJC_MSGSEND = YES;
				ENABLE_USER_SCRIPT_SANDBOXING = YES;
				GCC_C_LANGUAGE_STANDARD = gnu17;
				GCC_NO_COMMON_BLOCKS = YES;
				GCC_WARN_64_TO_32_BIT_CONVERSION = YES;
				GCC_WARN_ABOUT_RETURN_TYPE = YES_ERROR;
				GCC_WARN_UNDECLARED_SELECTOR = YES;
				GCC_WARN_UNINITIALIZED_AUTOS = YES_AGGRESSIVE;
				GCC_WARN_UNUSED_FUNCTION = YES;
				GCC_WARN_UNUSED_VARIABLE = YES;
				IPHONEOS_DEPLOYMENT_TARGET = 17.5;
				LOCALIZATION_PREFERS_STRING_CATALOGS = YES;
				MTL_ENABLE_DEBUG_INFO = NO;
				MTL_FAST_MATH = YES;
				SDKROOT = iphoneos;
				SWIFT_COMPILATION_MODE = wholemodule;
				SWIFT_STRICT_CONCURRENCY = complete;
				VALIDATE_PRODUCT = YES;
			};
			name = Release;
		};
		0360F7CE2C1194FD0034A43C /* Debug */ = {
			isa = XCBuildConfiguration;
			buildSettings = {
				ASSETCATALOG_COMPILER_APPICON_NAME = AppIcon;
				ASSETCATALOG_COMPILER_GLOBAL_ACCENT_COLOR_NAME = AccentColor;
				CODE_SIGN_STYLE = Automatic;
				CURRENT_PROJECT_VERSION = 1;
				DEVELOPMENT_ASSET_PATHS = "\"SyncUps/Preview Content\"";
				ENABLE_PREVIEWS = YES;
				GENERATE_INFOPLIST_FILE = YES;
				INFOPLIST_KEY_UIApplicationSceneManifest_Generation = YES;
				INFOPLIST_KEY_UIApplicationSupportsIndirectInputEvents = YES;
				INFOPLIST_KEY_UILaunchScreen_Generation = YES;
				INFOPLIST_KEY_UISupportedInterfaceOrientations_iPad = "UIInterfaceOrientationPortrait UIInterfaceOrientationPortraitUpsideDown UIInterfaceOrientationLandscapeLeft UIInterfaceOrientationLandscapeRight";
				INFOPLIST_KEY_UISupportedInterfaceOrientations_iPhone = "UIInterfaceOrientationPortrait UIInterfaceOrientationLandscapeLeft UIInterfaceOrientationLandscapeRight";
				LD_RUNPATH_SEARCH_PATHS = (
					"$(inherited)",
					"@executable_path/Frameworks",
				);
				MARKETING_VERSION = 1.0;
				PRODUCT_BUNDLE_IDENTIFIER = name.tommy.SyncUps;
				PRODUCT_NAME = "$(TARGET_NAME)";
				SWIFT_EMIT_LOC_STRINGS = YES;
				SWIFT_VERSION = 5.0;
				TARGETED_DEVICE_FAMILY = "1,2";
			};
			name = Debug;
		};
		0360F7CF2C1194FD0034A43C /* Release */ = {
			isa = XCBuildConfiguration;
			buildSettings = {
				ASSETCATALOG_COMPILER_APPICON_NAME = AppIcon;
				ASSETCATALOG_COMPILER_GLOBAL_ACCENT_COLOR_NAME = AccentColor;
				CODE_SIGN_STYLE = Automatic;
				CURRENT_PROJECT_VERSION = 1;
				DEVELOPMENT_ASSET_PATHS = "\"SyncUps/Preview Content\"";
				ENABLE_PREVIEWS = YES;
				GENERATE_INFOPLIST_FILE = YES;
				INFOPLIST_KEY_UIApplicationSceneManifest_Generation = YES;
				INFOPLIST_KEY_UIApplicationSupportsIndirectInputEvents = YES;
				INFOPLIST_KEY_UILaunchScreen_Generation = YES;
				INFOPLIST_KEY_UISupportedInterfaceOrientations_iPad = "UIInterfaceOrientationPortrait UIInterfaceOrientationPortraitUpsideDown UIInterfaceOrientationLandscapeLeft UIInterfaceOrientationLandscapeRight";
				INFOPLIST_KEY_UISupportedInterfaceOrientations_iPhone = "UIInterfaceOrientationPortrait UIInterfaceOrientationLandscapeLeft UIInterfaceOrientationLandscapeRight";
				LD_RUNPATH_SEARCH_PATHS = (
					"$(inherited)",
					"@executable_path/Frameworks",
				);
				MARKETING_VERSION = 1.0;
				PRODUCT_BUNDLE_IDENTIFIER = name.tommy.SyncUps;
				PRODUCT_NAME = "$(TARGET_NAME)";
				SWIFT_EMIT_LOC_STRINGS = YES;
				SWIFT_VERSION = 5.0;
				TARGETED_DEVICE_FAMILY = "1,2";
			};
			name = Release;
		};
		0360F7D12C1194FD0034A43C /* Debug */ = {
			isa = XCBuildConfiguration;
			buildSettings = {
				ALWAYS_EMBED_SWIFT_STANDARD_LIBRARIES = YES;
				BUNDLE_LOADER = "$(TEST_HOST)";
				CODE_SIGN_STYLE = Automatic;
				CURRENT_PROJECT_VERSION = 1;
				GENERATE_INFOPLIST_FILE = YES;
				IPHONEOS_DEPLOYMENT_TARGET = 17.5;
				MARKETING_VERSION = 1.0;
				PRODUCT_BUNDLE_IDENTIFIER = name.tommy.SyncUpsTests;
				PRODUCT_NAME = "$(TARGET_NAME)";
				SWIFT_EMIT_LOC_STRINGS = NO;
				SWIFT_VERSION = 5.0;
				TARGETED_DEVICE_FAMILY = "1,2";
				TEST_HOST = "$(BUILT_PRODUCTS_DIR)/SyncUps.app/$(BUNDLE_EXECUTABLE_FOLDER_PATH)/SyncUps";
			};
			name = Debug;
		};
		0360F7D22C1194FD0034A43C /* Release */ = {
			isa = XCBuildConfiguration;
			buildSettings = {
				ALWAYS_EMBED_SWIFT_STANDARD_LIBRARIES = YES;
				BUNDLE_LOADER = "$(TEST_HOST)";
				CODE_SIGN_STYLE = Automatic;
				CURRENT_PROJECT_VERSION = 1;
				GENERATE_INFOPLIST_FILE = YES;
				IPHONEOS_DEPLOYMENT_TARGET = 17.5;
				MARKETING_VERSION = 1.0;
				PRODUCT_BUNDLE_IDENTIFIER = name.tommy.SyncUpsTests;
				PRODUCT_NAME = "$(TARGET_NAME)";
				SWIFT_EMIT_LOC_STRINGS = NO;
				SWIFT_VERSION = 5.0;
				TARGETED_DEVICE_FAMILY = "1,2";
				TEST_HOST = "$(BUILT_PRODUCTS_DIR)/SyncUps.app/$(BUNDLE_EXECUTABLE_FOLDER_PATH)/SyncUps";
			};
			name = Release;
		};
		0360F7D42C1194FD0034A43C /* Debug */ = {
			isa = XCBuildConfiguration;
			buildSettings = {
				ALWAYS_EMBED_SWIFT_STANDARD_LIBRARIES = YES;
				CODE_SIGN_STYLE = Automatic;
				CURRENT_PROJECT_VERSION = 1;
				GENERATE_INFOPLIST_FILE = YES;
				MARKETING_VERSION = 1.0;
				PRODUCT_BUNDLE_IDENTIFIER = name.tommy.SyncUpsUITests;
				PRODUCT_NAME = "$(TARGET_NAME)";
				SWIFT_EMIT_LOC_STRINGS = NO;
				SWIFT_VERSION = 5.0;
				TARGETED_DEVICE_FAMILY = "1,2";
				TEST_TARGET_NAME = SyncUps;
			};
			name = Debug;
		};
		0360F7D52C1194FD0034A43C /* Release */ = {
			isa = XCBuildConfiguration;
			buildSettings = {
				ALWAYS_EMBED_SWIFT_STANDARD_LIBRARIES = YES;
				CODE_SIGN_STYLE = Automatic;
				CURRENT_PROJECT_VERSION = 1;
				GENERATE_INFOPLIST_FILE = YES;
				MARKETING_VERSION = 1.0;
				PRODUCT_BUNDLE_IDENTIFIER = name.tommy.SyncUpsUITests;
				PRODUCT_NAME = "$(TARGET_NAME)";
				SWIFT_EMIT_LOC_STRINGS = NO;
				SWIFT_VERSION = 5.0;
				TARGETED_DEVICE_FAMILY = "1,2";
				TEST_TARGET_NAME = SyncUps;
			};
			name = Release;
		};
/* End XCBuildConfiguration section */

/* Begin XCConfigurationList section */
		0360F7A42C1194FB0034A43C /* Build configuration list for PBXProject "SyncUps" */ = {
			isa = XCConfigurationList;
			buildConfigurations = (
				0360F7CB2C1194FD0034A43C /* Debug */,
				0360F7CC2C1194FD0034A43C /* Release */,
			);
			defaultConfigurationIsVisible = 0;
			defaultConfigurationName = Release;
		};
		0360F7CD2C1194FD0034A43C /* Build configuration list for PBXNativeTarget "SyncUps" */ = {
			isa = XCConfigurationList;
			buildConfigurations = (
				0360F7CE2C1194FD0034A43C /* Debug */,
				0360F7CF2C1194FD0034A43C /* Release */,
			);
			defaultConfigurationIsVisible = 0;
			defaultConfigurationName = Release;
		};
		0360F7D02C1194FD0034A43C /* Build configuration list for PBXNativeTarget "SyncUpsTests" */ = {
			isa = XCConfigurationList;
			buildConfigurations = (
				0360F7D12C1194FD0034A43C /* Debug */,
				0360F7D22C1194FD0034A43C /* Release */,
			);
			defaultConfigurationIsVisible = 0;
			defaultConfigurationName = Release;
		};
		0360F7D32C1194FD0034A43C /* Build configuration list for PBXNativeTarget "SyncUpsUITests" */ = {
			isa = XCConfigurationList;
			buildConfigurations = (
				0360F7D42C1194FD0034A43C /* Debug */,
				0360F7D52C1194FD0034A43C /* Release */,
			);
			defaultConfigurationIsVisible = 0;
			defaultConfigurationName = Release;
		};
/* End XCConfigurationList section */

/* Begin XCRemoteSwiftPackageReference section */
		0360F7D62C1195EA0034A43C /* XCRemoteSwiftPackageReference "swift-composable-architecture" */ = {
			isa = XCRemoteSwiftPackageReference;
			repositoryURL = "https://github.com/pointfreeco/swift-composable-architecture";
			requirement = {
				kind = upToNextMajorVersion;
				minimumVersion = 1.10.4;
			};
		};
/* End XCRemoteSwiftPackageReference section */

/* Begin XCSwiftPackageProductDependency section */
		0360F7D72C1195EA0034A43C /* ComposableArchitecture */ = {
			isa = XCSwiftPackageProductDependency;
			package = 0360F7D62C1195EA0034A43C /* XCRemoteSwiftPackageReference "swift-composable-architecture" */;
			productName = ComposableArchitecture;
		};
/* End XCSwiftPackageProductDependency section */
	};
	rootObject = 0360F7A12C1194FB0034A43C /* Project object */;
}
